{
  "name": "web-common",
  "requires": true,
  "lockfileVersion": 1,
  "dependencies": {
    "big-integer": {
      "version": "1.6.50",
      "resolved": "https://registry.npmjs.org/big-integer/-/big-integer-1.6.50.tgz",
      "integrity": "sha512-+O2uoQWFRo8ysZNo/rjtri2jIwjr3XfeAgRjAUADRqGG+ZITvyn8J1kvXLTaKVr3hhGXk+f23tKfdzmklVM9vQ=="
    }
  }
}
